
Microsoft Visual Studio Solution File, Format Version 12.00
# Visual Studio 14
VisualStudioVersion = 14.0.25420.1
MinimumVisualStudioVersion = 10.0.40219.1
Project("{F184B08F-C81C-45F6-A57F-5ABD9991F28F}") = "BLL", "BLL\BLL.vbproj", "{A7C57B1C-EB10-4D54-AE70-77C59F2540FC}"
EndProject
Project("{F184B08F-C81C-45F6-A57F-5ABD9991F28F}") = "EE", "EE\EE.vbproj", "{9D328E78-6241-46C7-8156-E5AC1530C3BF}"
EndProject
Project("{F184B08F-C81C-45F6-A57F-5ABD9991F28F}") = "DAL", "DAL\DAL.vbproj", "{0C5B8A55-3540-4978-83A2-64C122C4CD8C}"
EndProject
Project("{F184B08F-C81C-45F6-A57F-5ABD9991F28F}") = "UI", "UI\UI.vbproj", "{347C53ED-3CDF-4031-98E1-4CDD8BCC237C}"
EndProject
Project("{F184B08F-C81C-45F6-A57F-5ABD9991F28F}") = "Servicios", "Servicios\Servicios.vbproj", "{9228C505-8994-47FF-8CA7-27238F76D3E0}"
EndProject
Project("{6141683F-8A12-4E36-9623-2EB02B2C2303}") = "Instalador", "Instalador\Instalador.isproj", "{2B65CA7F-2717-48BB-90F9-D52CB15DE5E3}"
EndProject
Global
	GlobalSection(SolutionConfigurationPlatforms) = preSolution
		CD_ROM|Any CPU = CD_ROM|Any CPU
		CD_ROM|x64 = CD_ROM|x64
		Debug|Any CPU = Debug|Any CPU
		Debug|x64 = Debug|x64
		DVD-5|Any CPU = DVD-5|Any CPU
		DVD-5|x64 = DVD-5|x64
		Release|Any CPU = Release|Any CPU
		Release|x64 = Release|x64
		SingleImage|Any CPU = SingleImage|Any CPU
		SingleImage|x64 = SingleImage|x64
	EndGlobalSection
	GlobalSection(ProjectConfigurationPlatforms) = postSolution
		{A7C57B1C-EB10-4D54-AE70-77C59F2540FC}.CD_ROM|Any CPU.ActiveCfg = Release|Any CPU
		{A7C57B1C-EB10-4D54-AE70-77C59F2540FC}.CD_ROM|Any CPU.Build.0 = Release|Any CPU
		{A7C57B1C-EB10-4D54-AE70-77C59F2540FC}.CD_ROM|x64.ActiveCfg = Release|x64
		{A7C57B1C-EB10-4D54-AE70-77C59F2540FC}.CD_ROM|x64.Build.0 = Release|x64
		{A7C57B1C-EB10-4D54-AE70-77C59F2540FC}.Debug|Any CPU.ActiveCfg = Debug|Any CPU
		{A7C57B1C-EB10-4D54-AE70-77C59F2540FC}.Debug|Any CPU.Build.0 = Debug|Any CPU
		{A7C57B1C-EB10-4D54-AE70-77C59F2540FC}.Debug|x64.ActiveCfg = Debug|x64
		{A7C57B1C-EB10-4D54-AE70-77C59F2540FC}.Debug|x64.Build.0 = Debug|x64
		{A7C57B1C-EB10-4D54-AE70-77C59F2540FC}.DVD-5|Any CPU.ActiveCfg = Debug|Any CPU
		{A7C57B1C-EB10-4D54-AE70-77C59F2540FC}.DVD-5|Any CPU.Build.0 = Debug|Any CPU
		{A7C57B1C-EB10-4D54-AE70-77C59F2540FC}.DVD-5|x64.ActiveCfg = Debug|x64
		{A7C57B1C-EB10-4D54-AE70-77C59F2540FC}.DVD-5|x64.Build.0 = Debug|x64
		{A7C57B1C-EB10-4D54-AE70-77C59F2540FC}.Release|Any CPU.ActiveCfg = Release|Any CPU
		{A7C57B1C-EB10-4D54-AE70-77C59F2540FC}.Release|Any CPU.Build.0 = Release|Any CPU
		{A7C57B1C-EB10-4D54-AE70-77C59F2540FC}.Release|x64.ActiveCfg = Release|x64
		{A7C57B1C-EB10-4D54-AE70-77C59F2540FC}.Release|x64.Build.0 = Release|x64
		{A7C57B1C-EB10-4D54-AE70-77C59F2540FC}.SingleImage|Any CPU.ActiveCfg = Release|Any CPU
		{A7C57B1C-EB10-4D54-AE70-77C59F2540FC}.SingleImage|Any CPU.Build.0 = Release|Any CPU
		{A7C57B1C-EB10-4D54-AE70-77C59F2540FC}.SingleImage|x64.ActiveCfg = Release|x64
		{A7C57B1C-EB10-4D54-AE70-77C59F2540FC}.SingleImage|x64.Build.0 = Release|x64
		{9D328E78-6241-46C7-8156-E5AC1530C3BF}.CD_ROM|Any CPU.ActiveCfg = Release|Any CPU
		{9D328E78-6241-46C7-8156-E5AC1530C3BF}.CD_ROM|Any CPU.Build.0 = Release|Any CPU
		{9D328E78-6241-46C7-8156-E5AC1530C3BF}.CD_ROM|x64.ActiveCfg = Release|x64
		{9D328E78-6241-46C7-8156-E5AC1530C3BF}.CD_ROM|x64.Build.0 = Release|x64
		{9D328E78-6241-46C7-8156-E5AC1530C3BF}.Debug|Any CPU.ActiveCfg = Debug|Any CPU
		{9D328E78-6241-46C7-8156-E5AC1530C3BF}.Debug|Any CPU.Build.0 = Debug|Any CPU
		{9D328E78-6241-46C7-8156-E5AC1530C3BF}.Debug|x64.ActiveCfg = Debug|x64
		{9D328E78-6241-46C7-8156-E5AC1530C3BF}.Debug|x64.Build.0 = Debug|x64
		{9D328E78-6241-46C7-8156-E5AC1530C3BF}.DVD-5|Any CPU.ActiveCfg = Debug|Any CPU
		{9D328E78-6241-46C7-8156-E5AC1530C3BF}.DVD-5|Any CPU.Build.0 = Debug|Any CPU
		{9D328E78-6241-46C7-8156-E5AC1530C3BF}.DVD-5|x64.ActiveCfg = Debug|x64
		{9D328E78-6241-46C7-8156-E5AC1530C3BF}.DVD-5|x64.Build.0 = Debug|x64
		{9D328E78-6241-46C7-8156-E5AC1530C3BF}.Release|Any CPU.ActiveCfg = Release|Any CPU
		{9D328E78-6241-46C7-8156-E5AC1530C3BF}.Release|Any CPU.Build.0 = Release|Any CPU
		{9D328E78-6241-46C7-8156-E5AC1530C3BF}.Release|x64.ActiveCfg = Release|x64
		{9D328E78-6241-46C7-8156-E5AC1530C3BF}.Release|x64.Build.0 = Release|x64
		{9D328E78-6241-46C7-8156-E5AC1530C3BF}.SingleImage|Any CPU.ActiveCfg = Release|Any CPU
		{9D328E78-6241-46C7-8156-E5AC1530C3BF}.SingleImage|Any CPU.Build.0 = Release|Any CPU
		{9D328E78-6241-46C7-8156-E5AC1530C3BF}.SingleImage|x64.ActiveCfg = Release|x64
		{9D328E78-6241-46C7-8156-E5AC1530C3BF}.SingleImage|x64.Build.0 = Release|x64
		{0C5B8A55-3540-4978-83A2-64C122C4CD8C}.CD_ROM|Any CPU.ActiveCfg = Release|Any CPU
		{0C5B8A55-3540-4978-83A2-64C122C4CD8C}.CD_ROM|Any CPU.Build.0 = Release|Any CPU
		{0C5B8A55-3540-4978-83A2-64C122C4CD8C}.CD_ROM|x64.ActiveCfg = Release|x64
		{0C5B8A55-3540-4978-83A2-64C122C4CD8C}.CD_ROM|x64.Build.0 = Release|x64
		{0C5B8A55-3540-4978-83A2-64C122C4CD8C}.Debug|Any CPU.ActiveCfg = Debug|Any CPU
		{0C5B8A55-3540-4978-83A2-64C122C4CD8C}.Debug|Any CPU.Build.0 = Debug|Any CPU
		{0C5B8A55-3540-4978-83A2-64C122C4CD8C}.Debug|x64.ActiveCfg = Debug|x64
		{0C5B8A55-3540-4978-83A2-64C122C4CD8C}.Debug|x64.Build.0 = Debug|x64
		{0C5B8A55-3540-4978-83A2-64C122C4CD8C}.DVD-5|Any CPU.ActiveCfg = Debug|Any CPU
		{0C5B8A55-3540-4978-83A2-64C122C4CD8C}.DVD-5|Any CPU.Build.0 = Debug|Any CPU
		{0C5B8A55-3540-4978-83A2-64C122C4CD8C}.DVD-5|x64.ActiveCfg = Debug|x64
		{0C5B8A55-3540-4978-83A2-64C122C4CD8C}.DVD-5|x64.Build.0 = Debug|x64
		{0C5B8A55-3540-4978-83A2-64C122C4CD8C}.Release|Any CPU.ActiveCfg = Release|Any CPU
		{0C5B8A55-3540-4978-83A2-64C122C4CD8C}.Release|Any CPU.Build.0 = Release|Any CPU
		{0C5B8A55-3540-4978-83A2-64C122C4CD8C}.Release|x64.ActiveCfg = Release|x64
		{0C5B8A55-3540-4978-83A2-64C122C4CD8C}.Release|x64.Build.0 = Release|x64
		{0C5B8A55-3540-4978-83A2-64C122C4CD8C}.SingleImage|Any CPU.ActiveCfg = Release|Any CPU
		{0C5B8A55-3540-4978-83A2-64C122C4CD8C}.SingleImage|Any CPU.Build.0 = Release|Any CPU
		{0C5B8A55-3540-4978-83A2-64C122C4CD8C}.SingleImage|x64.ActiveCfg = Release|x64
		{0C5B8A55-3540-4978-83A2-64C122C4CD8C}.SingleImage|x64.Build.0 = Release|x64
		{347C53ED-3CDF-4031-98E1-4CDD8BCC237C}.CD_ROM|Any CPU.ActiveCfg = Release|Any CPU
		{347C53ED-3CDF-4031-98E1-4CDD8BCC237C}.CD_ROM|Any CPU.Build.0 = Release|Any CPU
		{347C53ED-3CDF-4031-98E1-4CDD8BCC237C}.CD_ROM|x64.ActiveCfg = Release|x64
		{347C53ED-3CDF-4031-98E1-4CDD8BCC237C}.CD_ROM|x64.Build.0 = Release|x64
		{347C53ED-3CDF-4031-98E1-4CDD8BCC237C}.Debug|Any CPU.ActiveCfg = Debug|Any CPU
		{347C53ED-3CDF-4031-98E1-4CDD8BCC237C}.Debug|Any CPU.Build.0 = Debug|Any CPU
		{347C53ED-3CDF-4031-98E1-4CDD8BCC237C}.Debug|x64.ActiveCfg = Debug|x64
		{347C53ED-3CDF-4031-98E1-4CDD8BCC237C}.Debug|x64.Build.0 = Debug|x64
		{347C53ED-3CDF-4031-98E1-4CDD8BCC237C}.DVD-5|Any CPU.ActiveCfg = Debug|Any CPU
		{347C53ED-3CDF-4031-98E1-4CDD8BCC237C}.DVD-5|Any CPU.Build.0 = Debug|Any CPU
		{347C53ED-3CDF-4031-98E1-4CDD8BCC237C}.DVD-5|x64.ActiveCfg = Debug|x64
		{347C53ED-3CDF-4031-98E1-4CDD8BCC237C}.DVD-5|x64.Build.0 = Debug|x64
		{347C53ED-3CDF-4031-98E1-4CDD8BCC237C}.Release|Any CPU.ActiveCfg = Release|Any CPU
		{347C53ED-3CDF-4031-98E1-4CDD8BCC237C}.Release|Any CPU.Build.0 = Release|Any CPU
		{347C53ED-3CDF-4031-98E1-4CDD8BCC237C}.Release|x64.ActiveCfg = Release|x64
		{347C53ED-3CDF-4031-98E1-4CDD8BCC237C}.Release|x64.Build.0 = Release|x64
		{347C53ED-3CDF-4031-98E1-4CDD8BCC237C}.SingleImage|Any CPU.ActiveCfg = Release|Any CPU
		{347C53ED-3CDF-4031-98E1-4CDD8BCC237C}.SingleImage|Any CPU.Build.0 = Release|Any CPU
		{347C53ED-3CDF-4031-98E1-4CDD8BCC237C}.SingleImage|x64.ActiveCfg = Release|x64
		{347C53ED-3CDF-4031-98E1-4CDD8BCC237C}.SingleImage|x64.Build.0 = Release|x64
		{9228C505-8994-47FF-8CA7-27238F76D3E0}.CD_ROM|Any CPU.ActiveCfg = Release|Any CPU
		{9228C505-8994-47FF-8CA7-27238F76D3E0}.CD_ROM|Any CPU.Build.0 = Release|Any CPU
		{9228C505-8994-47FF-8CA7-27238F76D3E0}.CD_ROM|x64.ActiveCfg = Release|x64
		{9228C505-8994-47FF-8CA7-27238F76D3E0}.CD_ROM|x64.Build.0 = Release|x64
		{9228C505-8994-47FF-8CA7-27238F76D3E0}.Debug|Any CPU.ActiveCfg = Debug|Any CPU
		{9228C505-8994-47FF-8CA7-27238F76D3E0}.Debug|Any CPU.Build.0 = Debug|Any CPU
		{9228C505-8994-47FF-8CA7-27238F76D3E0}.Debug|x64.ActiveCfg = Debug|x64
		{9228C505-8994-47FF-8CA7-27238F76D3E0}.Debug|x64.Build.0 = Debug|x64
		{9228C505-8994-47FF-8CA7-27238F76D3E0}.DVD-5|Any CPU.ActiveCfg = Debug|Any CPU
		{9228C505-8994-47FF-8CA7-27238F76D3E0}.DVD-5|Any CPU.Build.0 = Debug|Any CPU
		{9228C505-8994-47FF-8CA7-27238F76D3E0}.DVD-5|x64.ActiveCfg = Debug|x64
		{9228C505-8994-47FF-8CA7-27238F76D3E0}.DVD-5|x64.Build.0 = Debug|x64
		{9228C505-8994-47FF-8CA7-27238F76D3E0}.Release|Any CPU.ActiveCfg = Release|Any CPU
		{9228C505-8994-47FF-8CA7-27238F76D3E0}.Release|Any CPU.Build.0 = Release|Any CPU
		{9228C505-8994-47FF-8CA7-27238F76D3E0}.Release|x64.ActiveCfg = Release|x64
		{9228C505-8994-47FF-8CA7-27238F76D3E0}.Release|x64.Build.0 = Release|x64
		{9228C505-8994-47FF-8CA7-27238F76D3E0}.SingleImage|Any CPU.ActiveCfg = Release|Any CPU
		{9228C505-8994-47FF-8CA7-27238F76D3E0}.SingleImage|Any CPU.Build.0 = Release|Any CPU
		{9228C505-8994-47FF-8CA7-27238F76D3E0}.SingleImage|x64.ActiveCfg = Release|x64
		{9228C505-8994-47FF-8CA7-27238F76D3E0}.SingleImage|x64.Build.0 = Release|x64
		{2B65CA7F-2717-48BB-90F9-D52CB15DE5E3}.CD_ROM|Any CPU.ActiveCfg = CD_ROM
		{2B65CA7F-2717-48BB-90F9-D52CB15DE5E3}.CD_ROM|Any CPU.Build.0 = CD_ROM
		{2B65CA7F-2717-48BB-90F9-D52CB15DE5E3}.CD_ROM|x64.ActiveCfg = CD_ROM
		{2B65CA7F-2717-48BB-90F9-D52CB15DE5E3}.CD_ROM|x64.Build.0 = CD_ROM
		{2B65CA7F-2717-48BB-90F9-D52CB15DE5E3}.Debug|Any CPU.ActiveCfg = DVD-5
		{2B65CA7F-2717-48BB-90F9-D52CB15DE5E3}.Debug|Any CPU.Build.0 = DVD-5
		{2B65CA7F-2717-48BB-90F9-D52CB15DE5E3}.Debug|x64.ActiveCfg = DVD-5
		{2B65CA7F-2717-48BB-90F9-D52CB15DE5E3}.Debug|x64.Build.0 = DVD-5
		{2B65CA7F-2717-48BB-90F9-D52CB15DE5E3}.DVD-5|Any CPU.ActiveCfg = DVD-5
		{2B65CA7F-2717-48BB-90F9-D52CB15DE5E3}.DVD-5|Any CPU.Build.0 = DVD-5
		{2B65CA7F-2717-48BB-90F9-D52CB15DE5E3}.DVD-5|x64.ActiveCfg = DVD-5
		{2B65CA7F-2717-48BB-90F9-D52CB15DE5E3}.DVD-5|x64.Build.0 = DVD-5
		{2B65CA7F-2717-48BB-90F9-D52CB15DE5E3}.Release|Any CPU.ActiveCfg = SingleImage
		{2B65CA7F-2717-48BB-90F9-D52CB15DE5E3}.Release|Any CPU.Build.0 = SingleImage
		{2B65CA7F-2717-48BB-90F9-D52CB15DE5E3}.Release|x64.ActiveCfg = SingleImage
		{2B65CA7F-2717-48BB-90F9-D52CB15DE5E3}.Release|x64.Build.0 = SingleImage
		{2B65CA7F-2717-48BB-90F9-D52CB15DE5E3}.SingleImage|Any CPU.ActiveCfg = SingleImage
		{2B65CA7F-2717-48BB-90F9-D52CB15DE5E3}.SingleImage|Any CPU.Build.0 = SingleImage
		{2B65CA7F-2717-48BB-90F9-D52CB15DE5E3}.SingleImage|x64.ActiveCfg = SingleImage
		{2B65CA7F-2717-48BB-90F9-D52CB15DE5E3}.SingleImage|x64.Build.0 = SingleImage
	EndGlobalSection
	GlobalSection(SolutionProperties) = preSolution
		HideSolutionNode = FALSE
	EndGlobalSection
EndGlobal
